
Microsoft Visual Studio Solution File, Format Version 11.00
# Visual Studio 2010
Project("{FAE04EC0-301F-11D3-BF4B-00C04F79EFBC}") = "Beacons.Package", "Beacons.Package\Beacons.Package.csproj", "{7013387F-6118-449C-A556-102BA9ACFACD}"
EndProject
Project("{FAE04EC0-301F-11D3-BF4B-00C04F79EFBC}") = "Beacons", "Beacons\Beacons.csproj", "{FA785DB7-D04A-49B2-B03D-C795AF3CE8EA}"
EndProject
Project("{FAE04EC0-301F-11D3-BF4B-00C04F79EFBC}") = "Test.Beacons", "Test.Beacons\Test.Beacons.csproj", "{BA839D92-0289-4110-965D-1C691C889991}"
EndProject
Project("{2150E333-8FDC-42A3-9474-1A3956D46DE8}") = "Solution Items", "Solution Items", "{5518D285-DEAB-448F-AA07-3C4CF968FD8E}"
	ProjectSection(SolutionItems) = preProject
		license.txt = license.txt
	EndProjectSection
EndProject
Global
	GlobalSection(SolutionConfigurationPlatforms) = preSolution
		Debug|Any CPU = Debug|Any CPU
		Release|Any CPU = Release|Any CPU
	EndGlobalSection
	GlobalSection(ProjectConfigurationPlatforms) = postSolution
		{7013387F-6118-449C-A556-102BA9ACFACD}.Debug|Any CPU.ActiveCfg = Debug|Any CPU
		{7013387F-6118-449C-A556-102BA9ACFACD}.Debug|Any CPU.Build.0 = Debug|Any CPU
		{7013387F-6118-449C-A556-102BA9ACFACD}.Release|Any CPU.ActiveCfg = Release|Any CPU
		{7013387F-6118-449C-A556-102BA9ACFACD}.Release|Any CPU.Build.0 = Release|Any CPU
		{FA785DB7-D04A-49B2-B03D-C795AF3CE8EA}.Debug|Any CPU.ActiveCfg = Debug|Any CPU
		{FA785DB7-D04A-49B2-B03D-C795AF3CE8EA}.Debug|Any CPU.Build.0 = Debug|Any CPU
		{FA785DB7-D04A-49B2-B03D-C795AF3CE8EA}.Release|Any CPU.ActiveCfg = Release|Any CPU
		{FA785DB7-D04A-49B2-B03D-C795AF3CE8EA}.Release|Any CPU.Build.0 = Release|Any CPU
		{BA839D92-0289-4110-965D-1C691C889991}.Debug|Any CPU.ActiveCfg = Debug|Any CPU
		{BA839D92-0289-4110-965D-1C691C889991}.Debug|Any CPU.Build.0 = Debug|Any CPU
		{BA839D92-0289-4110-965D-1C691C889991}.Release|Any CPU.ActiveCfg = Release|Any CPU
		{BA839D92-0289-4110-965D-1C691C889991}.Release|Any CPU.Build.0 = Release|Any CPU
	EndGlobalSection
	GlobalSection(SolutionProperties) = preSolution
		HideSolutionNode = FALSE
	EndGlobalSection
EndGlobal
